// !$*UTF8*$!
{
	archiveVersion = 1;
	classes = {
	};
	objectVersion = 56;
	objects = {

/* Begin PBXBuildFile section */
		58556D3B2979152000E9B36B /* AppDelegate.m in Sources */ = {isa = PBXBuildFile; fileRef = 58556D3A2979152000E9B36B /* AppDelegate.m */; };
		58556D3E2979152000E9B36B /* SceneDelegate.m in Sources */ = {isa = PBXBuildFile; fileRef = 58556D3D2979152000E9B36B /* SceneDelegate.m */; };
		58556D412979152000E9B36B /* ViewController.m in Sources */ = {isa = PBXBuildFile; fileRef = 58556D402979152000E9B36B /* ViewController.m */; };
		58556D442979152000E9B36B /* Main.storyboard in Resources */ = {isa = PBXBuildFile; fileRef = 58556D422979152000E9B36B /* Main.storyboard */; };
		58556D462979152200E9B36B /* Assets.xcassets in Resources */ = {isa = PBXBuildFile; fileRef = 58556D452979152200E9B36B /* Assets.xcassets */; };
		58556D492979152200E9B36B /* LaunchScreen.storyboard in Resources */ = {isa = PBXBuildFile; fileRef = 58556D472979152200E9B36B /* LaunchScreen.storyboard */; };
		58556D4C2979152200E9B36B /* main.m in Sources */ = {isa = PBXBuildFile; fileRef = 58556D4B2979152200E9B36B /* main.m */; };
		58556D562979152200E9B36B /* ______Tests.m in Sources */ = {isa = PBXBuildFile; fileRef = 58556D552979152200E9B36B /* ______Tests.m */; };
		58556D602979152200E9B36B /* ______UITests.m in Sources */ = {isa = PBXBuildFile; fileRef = 58556D5F2979152200E9B36B /* ______UITests.m */; };
		58556D622979152200E9B36B /* ______UITestsLaunchTests.m in Sources */ = {isa = PBXBuildFile; fileRef = 58556D612979152200E9B36B /* ______UITestsLaunchTests.m */; };
		58556D722979178800E9B36B /* PhoneFactory.m in Sources */ = {isa = PBXBuildFile; fileRef = 58556D712979178800E9B36B /* PhoneFactory.m */; };
		58556D752979190800E9B36B /* Vivo.m in Sources */ = {isa = PBXBuildFile; fileRef = 58556D742979190800E9B36B /* Vivo.m */; };
		58556D782979191000E9B36B /* Oppo.m in Sources */ = {isa = PBXBuildFile; fileRef = 58556D772979191000E9B36B /* Oppo.m */; };
		58556D7B2979191A00E9B36B /* Xiaomi.m in Sources */ = {isa = PBXBuildFile; fileRef = 58556D7A2979191A00E9B36B /* Xiaomi.m */; };
		58556D812979193800E9B36B /* Apple.m in Sources */ = {isa = PBXBuildFile; fileRef = 58556D802979193800E9B36B /* Apple.m */; };
/* End PBXBuildFile section */

/* Begin PBXContainerItemProxy section */
		58556D522979152200E9B36B /* PBXContainerItemProxy */ = {
			isa = PBXContainerItemProxy;
			containerPortal = 58556D2E2979152000E9B36B /* Project object */;
			proxyType = 1;
			remoteGlobalIDString = 58556D352979152000E9B36B;
			remoteInfo = "简单工厂模式";
		};
		58556D5C2979152200E9B36B /* PBXContainerItemProxy */ = {
			isa = PBXContainerItemProxy;
			containerPortal = 58556D2E2979152000E9B36B /* Project object */;
			proxyType = 1;
			remoteGlobalIDString = 58556D352979152000E9B36B;
			remoteInfo = "简单工厂模式";
		};
/* End PBXContainerItemProxy section */

/* Begin PBXFileReference section */
		58556D362979152000E9B36B /* 简单工厂模式.app */ = {isa = PBXFileReference; explicitFileType = wrapper.application; includeInIndex = 0; path = "简单工厂模式.app"; sourceTree = BUILT_PRODUCTS_DIR; };
		58556D392979152000E9B36B /* AppDelegate.h */ = {isa = PBXFileReference; lastKnownFileType = sourcecode.c.h; path = AppDelegate.h; sourceTree = "<group>"; };
		58556D3A2979152000E9B36B /* AppDelegate.m */ = {isa = PBXFileReference; lastKnownFileType = sourcecode.c.objc; path = AppDelegate.m; sourceTree = "<group>"; };
		58556D3C2979152000E9B36B /* SceneDelegate.h */ = {isa = PBXFileReference; lastKnownFileType = sourcecode.c.h; path = SceneDelegate.h; sourceTree = "<group>"; };
		58556D3D2979152000E9B36B /* SceneDelegate.m */ = {isa = PBXFileReference; lastKnownFileType = sourcecode.c.objc; path = SceneDelegate.m; sourceTree = "<group>"; };
		58556D3F2979152000E9B36B /* ViewController.h */ = {isa = PBXFileReference; lastKnownFileType = sourcecode.c.h; path = ViewController.h; sourceTree = "<group>"; };
		58556D402979152000E9B36B /* ViewController.m */ = {isa = PBXFileReference; lastKnownFileType = sourcecode.c.objc; path = ViewController.m; sourceTree = "<group>"; };
		58556D432979152000E9B36B /* Base */ = {isa = PBXFileReference; lastKnownFileType = file.storyboard; name = Base; path = Base.lproj/Main.storyboard; sourceTree = "<group>"; };
		58556D452979152200E9B36B /* Assets.xcassets */ = {isa = PBXFileReference; lastKnownFileType = folder.assetcatalog; path = Assets.xcassets; sourceTree = "<group>"; };
		58556D482979152200E9B36B /* Base */ = {isa = PBXFileReference; lastKnownFileType = file.storyboard; name = Base; path = Base.lproj/LaunchScreen.storyboard; sourceTree = "<group>"; };
		58556D4A2979152200E9B36B /* Info.plist */ = {isa = PBXFileReference; lastKnownFileType = text.plist.xml; path = Info.plist; sourceTree = "<group>"; };
		58556D4B2979152200E9B36B /* main.m */ = {isa = PBXFileReference; lastKnownFileType = sourcecode.c.objc; path = main.m; sourceTree = "<group>"; };
		58556D512979152200E9B36B /* 简单工厂模式Tests.xctest */ = {isa = PBXFileReference; explicitFileType = wrapper.cfbundle; includeInIndex = 0; path = "简单工厂模式Tests.xctest"; sourceTree = BUILT_PRODUCTS_DIR; };
		58556D552979152200E9B36B /* ______Tests.m */ = {isa = PBXFileReference; lastKnownFileType = sourcecode.c.objc; path = "______Tests.m"; sourceTree = "<group>"; };
		58556D5B2979152200E9B36B /* 简单工厂模式UITests.xctest */ = {isa = PBXFileReference; explicitFileType = wrapper.cfbundle; includeInIndex = 0; path = "简单工厂模式UITests.xctest"; sourceTree = BUILT_PRODUCTS_DIR; };
		58556D5F2979152200E9B36B /* ______UITests.m */ = {isa = PBXFileReference; lastKnownFileType = sourcecode.c.objc; path = "______UITests.m"; sourceTree = "<group>"; };
		58556D612979152200E9B36B /* ______UITestsLaunchTests.m */ = {isa = PBXFileReference; lastKnownFileType = sourcecode.c.objc; path = "______UITestsLaunchTests.m"; sourceTree = "<group>"; };
		58556D6F2979172600E9B36B /* PhoneDelegate.h */ = {isa = PBXFileReference; lastKnownFileType = sourcecode.c.h; path = PhoneDelegate.h; sourceTree = "<group>"; };
		58556D702979178800E9B36B /* PhoneFactory.h */ = {isa = PBXFileReference; lastKnownFileType = sourcecode.c.h; path = PhoneFactory.h; sourceTree = "<group>"; };
		58556D712979178800E9B36B /* PhoneFactory.m */ = {isa = PBXFileReference; lastKnownFileType = sourcecode.c.objc; path = PhoneFactory.m; sourceTree = "<group>"; };
		58556D732979190800E9B36B /* Vivo.h */ = {isa = PBXFileReference; lastKnownFileType = sourcecode.c.h; path = Vivo.h; sourceTree = "<group>"; };
		58556D742979190800E9B36B /* Vivo.m */ = {isa = PBXFileReference; lastKnownFileType = sourcecode.c.objc; path = Vivo.m; sourceTree = "<group>"; };
		58556D762979191000E9B36B /* Oppo.h */ = {isa = PBXFileReference; lastKnownFileType = sourcecode.c.h; path = Oppo.h; sourceTree = "<group>"; };
		58556D772979191000E9B36B /* Oppo.m */ = {isa = PBXFileReference; lastKnownFileType = sourcecode.c.objc; path = Oppo.m; sourceTree = "<group>"; };
		58556D792979191A00E9B36B /* Xiaomi.h */ = {isa = PBXFileReference; lastKnownFileType = sourcecode.c.h; path = Xiaomi.h; sourceTree = "<group>"; };
		58556D7A2979191A00E9B36B /* Xiaomi.m */ = {isa = PBXFileReference; lastKnownFileType = sourcecode.c.objc; path = Xiaomi.m; sourceTree = "<group>"; };
		58556D7F2979193800E9B36B /* Apple.h */ = {isa = PBXFileReference; lastKnownFileType = sourcecode.c.h; path = Apple.h; sourceTree = "<group>"; };
		58556D802979193800E9B36B /* Apple.m */ = {isa = PBXFileReference; lastKnownFileType = sourcecode.c.objc; path = Apple.m; sourceTree = "<group>"; };
/* End PBXFileReference section */

/* Begin PBXFrameworksBuildPhase section */
		58556D332979152000E9B36B /* Frameworks */ = {
			isa = PBXFrameworksBuildPhase;
			buildActionMask = 2147483647;
			files = (
			);
			runOnlyForDeploymentPostprocessing = 0;
		};
		58556D4E2979152200E9B36B /* Frameworks */ = {
			isa = PBXFrameworksBuildPhase;
			buildActionMask = 2147483647;
			files = (
			);
			runOnlyForDeploymentPostprocessing = 0;
		};
		58556D582979152200E9B36B /* Frameworks */ = {
			isa = PBXFrameworksBuildPhase;
			buildActionMask = 2147483647;
			files = (
			);
			runOnlyForDeploymentPostprocessing = 0;
		};
/* End PBXFrameworksBuildPhase section */

/* Begin PBXGroup section */
		58556D2D2979152000E9B36B = {
			isa = PBXGroup;
			children = (
				58556D382979152000E9B36B /* 简单工厂模式 */,
				58556D542979152200E9B36B /* 简单工厂模式Tests */,
				58556D5E2979152200E9B36B /* 简单工厂模式UITests */,
				58556D372979152000E9B36B /* Products */,
			);
			sourceTree = "<group>";
		};
		58556D372979152000E9B36B /* Products */ = {
			isa = PBXGroup;
			children = (
				58556D362979152000E9B36B /* 简单工厂模式.app */,
				58556D512979152200E9B36B /* 简单工厂模式Tests.xctest */,
				58556D5B2979152200E9B36B /* 简单工厂模式UITests.xctest */,
			);
			name = Products;
			sourceTree = "<group>";
		};
		58556D382979152000E9B36B /* 简单工厂模式 */ = {
			isa = PBXGroup;
			children = (
				58556D392979152000E9B36B /* AppDelegate.h */,
				58556D3A2979152000E9B36B /* AppDelegate.m */,
				58556D3C2979152000E9B36B /* SceneDelegate.h */,
				58556D3D2979152000E9B36B /* SceneDelegate.m */,
				58556D3F2979152000E9B36B /* ViewController.h */,
				58556D402979152000E9B36B /* ViewController.m */,
				58556D6F2979172600E9B36B /* PhoneDelegate.h */,
				58556D702979178800E9B36B /* PhoneFactory.h */,
				58556D712979178800E9B36B /* PhoneFactory.m */,
				58556D732979190800E9B36B /* Vivo.h */,
				58556D742979190800E9B36B /* Vivo.m */,
				58556D762979191000E9B36B /* Oppo.h */,
				58556D772979191000E9B36B /* Oppo.m */,
				58556D792979191A00E9B36B /* Xiaomi.h */,
				58556D7A2979191A00E9B36B /* Xiaomi.m */,
				58556D7F2979193800E9B36B /* Apple.h */,
				58556D802979193800E9B36B /* Apple.m */,
				58556D422979152000E9B36B /* Main.storyboard */,
				58556D452979152200E9B36B /* Assets.xcassets */,
				58556D472979152200E9B36B /* LaunchScreen.storyboard */,
				58556D4A2979152200E9B36B /* Info.plist */,
				58556D4B2979152200E9B36B /* main.m */,
			);
			path = "简单工厂模式";
			sourceTree = "<group>";
		};
		58556D542979152200E9B36B /* 简单工厂模式Tests */ = {
			isa = PBXGroup;
			children = (
				58556D552979152200E9B36B /* ______Tests.m */,
			);
			path = "简单工厂模式Tests";
			sourceTree = "<group>";
		};
		58556D5E2979152200E9B36B /* 简单工厂模式UITests */ = {
			isa = PBXGroup;
			children = (
				58556D5F2979152200E9B36B /* ______UITests.m */,
				58556D612979152200E9B36B /* ______UITestsLaunchTests.m */,
			);
			path = "简单工厂模式UITests";
			sourceTree = "<group>";
		};
/* End PBXGroup section */

/* Begin PBXNativeTarget section */
		58556D352979152000E9B36B /* 简单工厂模式 */ = {
			isa = PBXNativeTarget;
			buildConfigurationList = 58556D652979152200E9B36B /* Build configuration list for PBXNativeTarget "简单工厂模式" */;
			buildPhases = (
				58556D322979152000E9B36B /* Sources */,
				58556D332979152000E9B36B /* Frameworks */,
				58556D342979152000E9B36B /* Resources */,
			);
			buildRules = (
			);
			dependencies = (
			);
			name = "简单工厂模式";
			productName = "简单工厂模式";
			productReference = 58556D362979152000E9B36B /* 简单工厂模式.app */;
			productType = "com.apple.product-type.application";
		};
		58556D502979152200E9B36B /* 简单工厂模式Tests */ = {
			isa = PBXNativeTarget;
			buildConfigurationList = 58556D682979152200E9B36B /* Build configuration list for PBXNativeTarget "简单工厂模式Tests" */;
			buildPhases = (
				58556D4D2979152200E9B36B /* Sources */,
				58556D4E2979152200E9B36B /* Frameworks */,
				58556D4F2979152200E9B36B /* Resources */,
			);
			buildRules = (
			);
			dependencies = (
				58556D532979152200E9B36B /* PBXTargetDependency */,
			);
			name = "简单工厂模式Tests";
			productName = "简单工厂模式Tests";
			productReference = 58556D512979152200E9B36B /* 简单工厂模式Tests.xctest */;
			productType = "com.apple.product-type.bundle.unit-test";
		};
		58556D5A2979152200E9B36B /* 简单工厂模式UITests */ = {
			isa = PBXNativeTarget;
			buildConfigurationList = 58556D6B2979152200E9B36B /* Build configuration list for PBXNativeTarget "简单工厂模式UITests" */;
			buildPhases = (
				58556D572979152200E9B36B /* Sources */,
				58556D582979152200E9B36B /* Frameworks */,
				58556D592979152200E9B36B /* Resources */,
			);
			buildRules = (
			);
			dependencies = (
				58556D5D2979152200E9B36B /* PBXTargetDependency */,
			);
			name = "简单工厂模式UITests";
			productName = "简单工厂模式UITests";
			productReference = 58556D5B2979152200E9B36B /* 简单工厂模式UITests.xctest */;
			productType = "com.apple.product-type.bundle.ui-testing";
		};
/* End PBXNativeTarget section */

/* Begin PBXProject section */
		58556D2E2979152000E9B36B /* Project object */ = {
			isa = PBXProject;
			attributes = {
				BuildIndependentTargetsInParallel = 1;
				LastUpgradeCheck = 1410;
				TargetAttributes = {
					58556D352979152000E9B36B = {
						CreatedOnToolsVersion = 14.1;
					};
					58556D502979152200E9B36B = {
						CreatedOnToolsVersion = 14.1;
						TestTargetID = 58556D352979152000E9B36B;
					};
					58556D5A2979152200E9B36B = {
						CreatedOnToolsVersion = 14.1;
						TestTargetID = 58556D352979152000E9B36B;
					};
				};
			};
			buildConfigurationList = 58556D312979152000E9B36B /* Build configuration list for PBXProject "简单工厂模式" */;
			compatibilityVersion = "Xcode 14.0";
			developmentRegion = en;
			hasScannedForEncodings = 0;
			knownRegions = (
				en,
				Base,
			);
			mainGroup = 58556D2D2979152000E9B36B;
			productRefGroup = 58556D372979152000E9B36B /* Products */;
			projectDirPath = "";
			projectRoot = "";
			targets = (
				58556D352979152000E9B36B /* 简单工厂模式 */,
				58556D502979152200E9B36B /* 简单工厂模式Tests */,
				58556D5A2979152200E9B36B /* 简单工厂模式UITests */,
			);
		};
/* End PBXProject section */

/* Begin PBXResourcesBuildPhase section */
		58556D342979152000E9B36B /* Resources */ = {
			isa = PBXResourcesBuildPhase;
			buildActionMask = 2147483647;
			files = (
				58556D492979152200E9B36B /* LaunchScreen.storyboard in Resources */,
				58556D462979152200E9B36B /* Assets.xcassets in Resources */,
				58556D442979152000E9B36B /* Main.storyboard in Resources */,
			);
			runOnlyForDeploymentPostprocessing = 0;
		};
		58556D4F2979152200E9B36B /* Resources */ = {
			isa = PBXResourcesBuildPhase;
			buildActionMask = 2147483647;
			files = (
			);
			runOnlyForDeploymentPostprocessing = 0;
		};
		58556D592979152200E9B36B /* Resources */ = {
			isa = PBXResourcesBuildPhase;
			buildActionMask = 2147483647;
			files = (
			);
			runOnlyForDeploymentPostprocessing = 0;
		};
/* End PBXResourcesBuildPhase section */

/* Begin PBXSourcesBuildPhase section */
		58556D322979152000E9B36B /* Sources */ = {
			isa = PBXSourcesBuildPhase;
			buildActionMask = 2147483647;
			files = (
				58556D812979193800E9B36B /* Apple.m in Sources */,
				58556D412979152000E9B36B /* ViewController.m in Sources */,
				58556D782979191000E9B36B /* Oppo.m in Sources */,
				58556D7B2979191A00E9B36B /* Xiaomi.m in Sources */,
				58556D3B2979152000E9B36B /* AppDelegate.m in Sources */,
				58556D4C2979152200E9B36B /* main.m in Sources */,
				58556D3E2979152000E9B36B /* SceneDelegate.m in Sources */,
				58556D722979178800E9B36B /* PhoneFactory.m in Sources */,
				58556D752979190800E9B36B /* Vivo.m in Sources */,
			);
			runOnlyForDeploymentPostprocessing = 0;
		};
		58556D4D2979152200E9B36B /* Sources */ = {
			isa = PBXSourcesBuildPhase;
			buildActionMask = 2147483647;
			files = (
				58556D562979152200E9B36B /* ______Tests.m in Sources */,
			);
			runOnlyForDeploymentPostprocessing = 0;
		};
		58556D572979152200E9B36B /* Sources */ = {
			isa = PBXSourcesBuildPhase;
			buildActionMask = 2147483647;
			files = (
				58556D622979152200E9B36B /* ______UITestsLaunchTests.m in Sources */,
				58556D602979152200E9B36B /* ______UITests.m in Sources */,
			);
			runOnlyForDeploymentPostprocessing = 0;
		};
/* End PBXSourcesBuildPhase section */

/* Begin PBXTargetDependency section */
		58556D532979152200E9B36B /* PBXTargetDependency */ = {
			isa = PBXTargetDependency;
			target = 58556D352979152000E9B36B /* 简单工厂模式 */;
			targetProxy = 58556D522979152200E9B36B /* PBXContainerItemProxy */;
		};
		58556D5D2979152200E9B36B /* PBXTargetDependency */ = {
			isa = PBXTargetDependency;
			target = 58556D352979152000E9B36B /* 简单工厂模式 */;
			targetProxy = 58556D5C2979152200E9B36B /* PBXContainerItemProxy */;
		};
/* End PBXTargetDependency section */

/* Begin PBXVariantGroup section */
		58556D422979152000E9B36B /* Main.storyboard */ = {
			isa = PBXVariantGroup;
			children = (
				58556D432979152000E9B36B /* Base */,
			);
			name = Main.storyboard;
			sourceTree = "<group>";
		};
		58556D472979152200E9B36B /* LaunchScreen.storyboard */ = {
			isa = PBXVariantGroup;
			children = (
				58556D482979152200E9B36B /* Base */,
			);
			name = LaunchScreen.storyboard;
			sourceTree = "<group>";
		};
/* End PBXVariantGroup section */

/* Begin XCBuildConfiguration section */
		58556D632979152200E9B36B /* Debug */ = {
			isa = XCBuildConfiguration;
			buildSettings = {
				ALWAYS_SEARCH_USER_PATHS = NO;
				CLANG_ANALYZER_NONNULL = YES;
				CLANG_ANALYZER_NUMBER_OBJECT_CONVERSION = YES_AGGRESSIVE;
				CLANG_CXX_LANGUAGE_STANDARD = "gnu++20";
				CLANG_ENABLE_MODULES = YES;
				CLANG_ENABLE_OBJC_ARC = YES;
				CLANG_ENABLE_OBJC_WEAK = YES;
				CLANG_WARN_BLOCK_CAPTURE_AUTORELEASING = YES;
				CLANG_WARN_BOOL_CONVERSION = YES;
				CLANG_WARN_COMMA = YES;
				CLANG_WARN_CONSTANT_CONVERSION = YES;
				CLANG_WARN_DEPRECATED_OBJC_IMPLEMENTATIONS = YES;
				CLANG_WARN_DIRECT_OBJC_ISA_USAGE = YES_ERROR;
				CLANG_WARN_DOCUMENTATION_COMMENTS = YES;
				CLANG_WARN_EMPTY_BODY = YES;
				CLANG_WARN_ENUM_CONVERSION = YES;
				CLANG_WARN_INFINITE_RECURSION = YES;
				CLANG_WARN_INT_CONVERSION = YES;
				CLANG_WARN_NON_LITERAL_NULL_CONVERSION = YES;
				CLANG_WARN_OBJC_IMPLICIT_RETAIN_SELF = YES;
				CLANG_WARN_OBJC_LITERAL_CONVERSION = YES;
				CLANG_WARN_OBJC_ROOT_CLASS = YES_ERROR;
				CLANG_WARN_QUOTED_INCLUDE_IN_FRAMEWORK_HEADER = YES;
				CLANG_WARN_RANGE_LOOP_ANALYSIS = YES;
				CLANG_WARN_STRICT_PROTOTYPES = YES;
				CLANG_WARN_SUSPICIOUS_MOVE = YES;
				CLANG_WARN_UNGUARDED_AVAILABILITY = YES_AGGRESSIVE;
				CLANG_WARN_UNREACHABLE_CODE = YES;
				CLANG_WARN__DUPLICATE_METHOD_MATCH = YES;
				COPY_PHASE_STRIP = NO;
				DEBUG_INFORMATION_FORMAT = dwarf;
				ENABLE_STRICT_OBJC_MSGSEND = YES;
				ENABLE_TESTABILITY = YES;
				GCC_C_LANGUAGE_STANDARD = gnu11;
				GCC_DYNAMIC_NO_PIC = NO;
				GCC_NO_COMMON_BLOCKS = YES;
				GCC_OPTIMIZATION_LEVEL = 0;
				GCC_PREPROCESSOR_DEFINITIONS = (
					"DEBUG=1",
					"$(inherited)",
				);
				GCC_WARN_64_TO_32_BIT_CONVERSION = YES;
				GCC_WARN_ABOUT_RETURN_TYPE = YES_ERROR;
				GCC_WARN_UNDECLARED_SELECTOR = YES;
				GCC_WARN_UNINITIALIZED_AUTOS = YES_AGGRESSIVE;
				GCC_WARN_UNUSED_FUNCTION = YES;
				GCC_WARN_UNUSED_VARIABLE = YES;
				IPHONEOS_DEPLOYMENT_TARGET = 16.1;
				MTL_ENABLE_DEBUG_INFO = INCLUDE_SOURCE;
				MTL_FAST_MATH = YES;
				ONLY_ACTIVE_ARCH = YES;
				SDKROOT = iphoneos;
			};
			name = Debug;
		};
		58556D642979152200E9B36B /* Release */ = {
			isa = XCBuildConfiguration;
			buildSettings = {
				ALWAYS_SEARCH_USER_PATHS = NO;
				CLANG_ANALYZER_NONNULL = YES;
				CLANG_ANALYZER_NUMBER_OBJECT_CONVERSION = YES_AGGRESSIVE;
				CLANG_CXX_LANGUAGE_STANDARD = "gnu++20";
				CLANG_ENABLE_MODULES = YES;
				CLANG_ENABLE_OBJC_ARC = YES;
				CLANG_ENABLE_OBJC_WEAK = YES;
				CLANG_WARN_BLOCK_CAPTURE_AUTORELEASING = YES;
				CLANG_WARN_BOOL_CONVERSION = YES;
				CLANG_WARN_COMMA = YES;
				CLANG_WARN_CONSTANT_CONVERSION = YES;
				CLANG_WARN_DEPRECATED_OBJC_IMPLEMENTATIONS = YES;
				CLANG_WARN_DIRECT_OBJC_ISA_USAGE = YES_ERROR;
				CLANG_WARN_DOCUMENTATION_COMMENTS = YES;
				CLANG_WARN_EMPTY_BODY = YES;
				CLANG_WARN_ENUM_CONVERSION = YES;
				CLANG_WARN_INFINITE_RECURSION = YES;
				CLANG_WARN_INT_CONVERSION = YES;
				CLANG_WARN_NON_LITERAL_NULL_CONVERSION = YES;
				CLANG_WARN_OBJC_IMPLICIT_RETAIN_SELF = YES;
				CLANG_WARN_OBJC_LITERAL_CONVERSION = YES;
				CLANG_WARN_OBJC_ROOT_CLASS = YES_ERROR;
				CLANG_WARN_QUOTED_INCLUDE_IN_FRAMEWORK_HEADER = YES;
				CLANG_WARN_RANGE_LOOP_ANALYSIS = YES;
				CLANG_WARN_STRICT_PROTOTYPES = YES;
				CLANG_WARN_SUSPICIOUS_MOVE = YES;
				CLANG_WARN_UNGUARDED_AVAILABILITY = YES_AGGRESSIVE;
				CLANG_WARN_UNREACHABLE_CODE = YES;
				CLANG_WARN__DUPLICATE_METHOD_MATCH = YES;
				COPY_PHASE_STRIP = NO;
				DEBUG_INFORMATION_FORMAT = "dwarf-with-dsym";
				ENABLE_NS_ASSERTIONS = NO;
				ENABLE_STRICT_OBJC_MSGSEND = YES;
				GCC_C_LANGUAGE_STANDARD = gnu11;
				GCC_NO_COMMON_BLOCKS = YES;
				GCC_WARN_64_TO_32_BIT_CONVERSION = YES;
				GCC_WARN_ABOUT_RETURN_TYPE = YES_ERROR;
				GCC_WARN_UNDECLARED_SELECTOR = YES;
				GCC_WARN_UNINITIALIZED_AUTOS = YES_AGGRESSIVE;
				GCC_WARN_UNUSED_FUNCTION = YES;
				GCC_WARN_UNUSED_VARIABLE = YES;
				IPHONEOS_DEPLOYMENT_TARGET = 16.1;
				MTL_ENABLE_DEBUG_INFO = NO;
				MTL_FAST_MATH = YES;
				SDKROOT = iphoneos;
				VALIDATE_PRODUCT = YES;
			};
			name = Release;
		};
		58556D662979152200E9B36B /* Debug */ = {
			isa = XCBuildConfiguration;
			buildSettings = {
				ASSETCATALOG_COMPILER_APPICON_NAME = AppIcon;
				ASSETCATALOG_COMPILER_GLOBAL_ACCENT_COLOR_NAME = AccentColor;
				CODE_SIGN_STYLE = Automatic;
				CURRENT_PROJECT_VERSION = 1;
				DEVELOPMENT_TEAM = 2K97J7XJC7;
				GENERATE_INFOPLIST_FILE = YES;
				INFOPLIST_FILE = "简单工厂模式/Info.plist";
				INFOPLIST_KEY_UIApplicationSupportsIndirectInputEvents = YES;
				INFOPLIST_KEY_UILaunchStoryboardName = LaunchScreen;
				INFOPLIST_KEY_UIMainStoryboardFile = Main;
				INFOPLIST_KEY_UISupportedInterfaceOrientations_iPad = "UIInterfaceOrientationPortrait UIInterfaceOrientationPortraitUpsideDown UIInterfaceOrientationLandscapeLeft UIInterfaceOrientationLandscapeRight";
				INFOPLIST_KEY_UISupportedInterfaceOrientations_iPhone = "UIInterfaceOrientationPortrait UIInterfaceOrientationLandscapeLeft UIInterfaceOrientationLandscapeRight";
				LD_RUNPATH_SEARCH_PATHS = (
					"$(inherited)",
					"@executable_path/Frameworks",
				);
				MARKETING_VERSION = 1.0;
				PRODUCT_BUNDLE_IDENTIFIER = "-.------";
				PRODUCT_NAME = "$(TARGET_NAME)";
				SWIFT_EMIT_LOC_STRINGS = YES;
				TARGETED_DEVICE_FAMILY = "1,2";
			};
			name = Debug;
		};
		58556D672979152200E9B36B /* Release */ = {
			isa = XCBuildConfiguration;
			buildSettings = {
				ASSETCATALOG_COMPILER_APPICON_NAME = AppIcon;
				ASSETCATALOG_COMPILER_GLOBAL_ACCENT_COLOR_NAME = AccentColor;
				CODE_SIGN_STYLE = Automatic;
				CURRENT_PROJECT_VERSION = 1;
				DEVELOPMENT_TEAM = 2K97J7XJC7;
				GENERATE_INFOPLIST_FILE = YES;
				INFOPLIST_FILE = "简单工厂模式/Info.plist";
				INFOPLIST_KEY_UIApplicationSupportsIndirectInputEvents = YES;
				INFOPLIST_KEY_UILaunchStoryboardName = LaunchScreen;
				INFOPLIST_KEY_UIMainStoryboardFile = Main;
				INFOPLIST_KEY_UISupportedInterfaceOrientations_iPad = "UIInterfaceOrientationPortrait UIInterfaceOrientationPortraitUpsideDown UIInterfaceOrientationLandscapeLeft UIInterfaceOrientationLandscapeRight";
				INFOPLIST_KEY_UISupportedInterfaceOrientations_iPhone = "UIInterfaceOrientationPortrait UIInterfaceOrientationLandscapeLeft UIInterfaceOrientationLandscapeRight";
				LD_RUNPATH_SEARCH_PATHS = (
					"$(inherited)",
					"@executable_path/Frameworks",
				);
				MARKETING_VERSION = 1.0;
				PRODUCT_BUNDLE_IDENTIFIER = "-.------";
				PRODUCT_NAME = "$(TARGET_NAME)";
				SWIFT_EMIT_LOC_STRINGS = YES;
				TARGETED_DEVICE_FAMILY = "1,2";
			};
			name = Release;
		};
		58556D692979152200E9B36B /* Debug */ = {
			isa = XCBuildConfiguration;
			buildSettings = {
				BUNDLE_LOADER = "$(TEST_HOST)";
				CODE_SIGN_STYLE = Automatic;
				CURRENT_PROJECT_VERSION = 1;
				DEVELOPMENT_TEAM = 2K97J7XJC7;
				GENERATE_INFOPLIST_FILE = YES;
				IPHONEOS_DEPLOYMENT_TARGET = 16.1;
				MARKETING_VERSION = 1.0;
				PRODUCT_BUNDLE_IDENTIFIER = "-.------Tests";
				PRODUCT_NAME = "$(TARGET_NAME)";
				SWIFT_EMIT_LOC_STRINGS = NO;
				TARGETED_DEVICE_FAMILY = "1,2";
				TEST_HOST = "$(BUILT_PRODUCTS_DIR)/简单工厂模式.app/$(BUNDLE_EXECUTABLE_FOLDER_PATH)/简单工厂模式";
			};
			name = Debug;
		};
		58556D6A2979152200E9B36B /* Release */ = {
			isa = XCBuildConfiguration;
			buildSettings = {
				BUNDLE_LOADER = "$(TEST_HOST)";
				CODE_SIGN_STYLE = Automatic;
				CURRENT_PROJECT_VERSION = 1;
				DEVELOPMENT_TEAM = 2K97J7XJC7;
				GENERATE_INFOPLIST_FILE = YES;
				IPHONEOS_DEPLOYMENT_TARGET = 16.1;
				MARKETING_VERSION = 1.0;
				PRODUCT_BUNDLE_IDENTIFIER = "-.------Tests";
				PRODUCT_NAME = "$(TARGET_NAME)";
				SWIFT_EMIT_LOC_STRINGS = NO;
				TARGETED_DEVICE_FAMILY = "1,2";
				TEST_HOST = "$(BUILT_PRODUCTS_DIR)/简单工厂模式.app/$(BUNDLE_EXECUTABLE_FOLDER_PATH)/简单工厂模式";
			};
			name = Release;
		};
		58556D6C2979152200E9B36B /* Debug */ = {
			isa = XCBuildConfiguration;
			buildSettings = {
				CODE_SIGN_STYLE = Automatic;
				CURRENT_PROJECT_VERSION = 1;
				DEVELOPMENT_TEAM = 2K97J7XJC7;
				GENERATE_INFOPLIST_FILE = YES;
				MARKETING_VERSION = 1.0;
				PRODUCT_BUNDLE_IDENTIFIER = "-.------UITests";
				PRODUCT_NAME = "$(TARGET_NAME)";
				SWIFT_EMIT_LOC_STRINGS = NO;
				TARGETED_DEVICE_FAMILY = "1,2";
				TEST_TARGET_NAME = "简单工厂模式";
			};
			name = Debug;
		};
		58556D6D2979152200E9B36B /* Release */ = {
			isa = XCBuildConfiguration;
			buildSettings = {
				CODE_SIGN_STYLE = Automatic;
				CURRENT_PROJECT_VERSION = 1;
				DEVELOPMENT_TEAM = 2K97J7XJC7;
				GENERATE_INFOPLIST_FILE = YES;
				MARKETING_VERSION = 1.0;
				PRODUCT_BUNDLE_IDENTIFIER = "-.------UITests";
				PRODUCT_NAME = "$(TARGET_NAME)";
				SWIFT_EMIT_LOC_STRINGS = NO;
				TARGETED_DEVICE_FAMILY = "1,2";
				TEST_TARGET_NAME = "简单工厂模式";
			};
			name = Release;
		};
/* End XCBuildConfiguration section */

/* Begin XCConfigurationList section */
		58556D312979152000E9B36B /* Build configuration list for PBXProject "简单工厂模式" */ = {
			isa = XCConfigurationList;
			buildConfigurations = (
				58556D632979152200E9B36B /* Debug */,
				58556D642979152200E9B36B /* Release */,
			);
			defaultConfigurationIsVisible = 0;
			defaultConfigurationName = Release;
		};
		58556D652979152200E9B36B /* Build configuration list for PBXNativeTarget "简单工厂模式" */ = {
			isa = XCConfigurationList;
			buildConfigurations = (
				58556D662979152200E9B36B /* Debug */,
				58556D672979152200E9B36B /* Release */,
			);
			defaultConfigurationIsVisible = 0;
			defaultConfigurationName = Release;
		};
		58556D682979152200E9B36B /* Build configuration list for PBXNativeTarget "简单工厂模式Tests" */ = {
			isa = XCConfigurationList;
			buildConfigurations = (
				58556D692979152200E9B36B /* Debug */,
				58556D6A2979152200E9B36B /* Release */,
			);
			defaultConfigurationIsVisible = 0;
			defaultConfigurationName = Release;
		};
		58556D6B2979152200E9B36B /* Build configuration list for PBXNativeTarget "简单工厂模式UITests" */ = {
			isa = XCConfigurationList;
			buildConfigurations = (
				58556D6C2979152200E9B36B /* Debug */,
				58556D6D2979152200E9B36B /* Release */,
			);
			defaultConfigurationIsVisible = 0;
			defaultConfigurationName = Release;
		};
/* End XCConfigurationList section */
	};
	rootObject = 58556D2E2979152000E9B36B /* Project object */;
}
